
Microsoft Visual Studio Solution File, Format Version 12.00
# Visual Studio 15
VisualStudioVersion = 15.0.27703.2026
MinimumVisualStudioVersion = 10.0.40219.1
Project("{FAE04EC0-301F-11D3-BF4B-00C04F79EFBC}") = "AppCenterSample", "AppCenterSample\AppCenterSample\AppCenterSample.csproj", "{0341C8BD-D2CE-4F52-9CFA-6AE318C2BEEC}"
EndProject
Project("{FAE04EC0-301F-11D3-BF4B-00C04F79EFBC}") = "AppCenterSample.Android", "AppCenterSample\AppCenterSample.Android\AppCenterSample.Android.csproj", "{045909C5-9D49-4380-BAA1-90ACBF58CFE5}"
EndProject
Project("{FAE04EC0-301F-11D3-BF4B-00C04F79EFBC}") = "AppCenterSample.iOS", "AppCenterSample\AppCenterSample.iOS\AppCenterSample.iOS.csproj", "{314ECFB0-B0A4-4515-B3B8-E040A9473722}"
EndProject
Global
	GlobalSection(SolutionConfigurationPlatforms) = preSolution
		Ad-Hoc|Any CPU = Ad-Hoc|Any CPU
		Ad-Hoc|iPhone = Ad-Hoc|iPhone
		Ad-Hoc|iPhoneSimulator = Ad-Hoc|iPhoneSimulator
		AppStore|Any CPU = AppStore|Any CPU
		AppStore|iPhone = AppStore|iPhone
		AppStore|iPhoneSimulator = AppStore|iPhoneSimulator
		Debug|Any CPU = Debug|Any CPU
		Debug|iPhone = Debug|iPhone
		Debug|iPhoneSimulator = Debug|iPhoneSimulator
		Release|Any CPU = Release|Any CPU
		Release|iPhone = Release|iPhone
		Release|iPhoneSimulator = Release|iPhoneSimulator
	EndGlobalSection
	GlobalSection(ProjectConfigurationPlatforms) = postSolution
		{0341C8BD-D2CE-4F52-9CFA-6AE318C2BEEC}.Ad-Hoc|Any CPU.ActiveCfg = Debug|Any CPU
		{0341C8BD-D2CE-4F52-9CFA-6AE318C2BEEC}.Ad-Hoc|Any CPU.Build.0 = Debug|Any CPU
		{0341C8BD-D2CE-4F52-9CFA-6AE318C2BEEC}.Ad-Hoc|iPhone.ActiveCfg = Debug|Any CPU
		{0341C8BD-D2CE-4F52-9CFA-6AE318C2BEEC}.Ad-Hoc|iPhone.Build.0 = Debug|Any CPU
		{0341C8BD-D2CE-4F52-9CFA-6AE318C2BEEC}.Ad-Hoc|iPhoneSimulator.ActiveCfg = Debug|Any CPU
		{0341C8BD-D2CE-4F52-9CFA-6AE318C2BEEC}.Ad-Hoc|iPhoneSimulator.Build.0 = Debug|Any CPU
		{0341C8BD-D2CE-4F52-9CFA-6AE318C2BEEC}.AppStore|Any CPU.ActiveCfg = Debug|Any CPU
		{0341C8BD-D2CE-4F52-9CFA-6AE318C2BEEC}.AppStore|Any CPU.Build.0 = Debug|Any CPU
		{0341C8BD-D2CE-4F52-9CFA-6AE318C2BEEC}.AppStore|iPhone.ActiveCfg = Debug|Any CPU
		{0341C8BD-D2CE-4F52-9CFA-6AE318C2BEEC}.AppStore|iPhone.Build.0 = Debug|Any CPU
		{0341C8BD-D2CE-4F52-9CFA-6AE318C2BEEC}.AppStore|iPhoneSimulator.ActiveCfg = Debug|Any CPU
		{0341C8BD-D2CE-4F52-9CFA-6AE318C2BEEC}.AppStore|iPhoneSimulator.Build.0 = Debug|Any CPU
		{0341C8BD-D2CE-4F52-9CFA-6AE318C2BEEC}.Debug|Any CPU.ActiveCfg = Debug|Any CPU
		{0341C8BD-D2CE-4F52-9CFA-6AE318C2BEEC}.Debug|Any CPU.Build.0 = Debug|Any CPU
		{0341C8BD-D2CE-4F52-9CFA-6AE318C2BEEC}.Debug|iPhone.ActiveCfg = Debug|Any CPU
		{0341C8BD-D2CE-4F52-9CFA-6AE318C2BEEC}.Debug|iPhone.Build.0 = Debug|Any CPU
		{0341C8BD-D2CE-4F52-9CFA-6AE318C2BEEC}.Debug|iPhoneSimulator.ActiveCfg = Debug|Any CPU
		{0341C8BD-D2CE-4F52-9CFA-6AE318C2BEEC}.Debug|iPhoneSimulator.Build.0 = Debug|Any CPU
		{0341C8BD-D2CE-4F52-9CFA-6AE318C2BEEC}.Release|Any CPU.ActiveCfg = Release|Any CPU
		{0341C8BD-D2CE-4F52-9CFA-6AE318C2BEEC}.Release|Any CPU.Build.0 = Release|Any CPU
		{0341C8BD-D2CE-4F52-9CFA-6AE318C2BEEC}.Release|iPhone.ActiveCfg = Release|Any CPU
		{0341C8BD-D2CE-4F52-9CFA-6AE318C2BEEC}.Release|iPhone.Build.0 = Release|Any CPU
		{0341C8BD-D2CE-4F52-9CFA-6AE318C2BEEC}.Release|iPhoneSimulator.ActiveCfg = Release|Any CPU
		{0341C8BD-D2CE-4F52-9CFA-6AE318C2BEEC}.Release|iPhoneSimulator.Build.0 = Release|Any CPU
		{045909C5-9D49-4380-BAA1-90ACBF58CFE5}.Ad-Hoc|Any CPU.ActiveCfg = Release|Any CPU
		{045909C5-9D49-4380-BAA1-90ACBF58CFE5}.Ad-Hoc|Any CPU.Build.0 = Release|Any CPU
		{045909C5-9D49-4380-BAA1-90ACBF58CFE5}.Ad-Hoc|Any CPU.Deploy.0 = Release|Any CPU
		{045909C5-9D49-4380-BAA1-90ACBF58CFE5}.Ad-Hoc|iPhone.ActiveCfg = Release|Any CPU
		{045909C5-9D49-4380-BAA1-90ACBF58CFE5}.Ad-Hoc|iPhone.Build.0 = Release|Any CPU
		{045909C5-9D49-4380-BAA1-90ACBF58CFE5}.Ad-Hoc|iPhone.Deploy.0 = Release|Any CPU
		{045909C5-9D49-4380-BAA1-90ACBF58CFE5}.Ad-Hoc|iPhoneSimulator.ActiveCfg = Release|Any CPU
		{045909C5-9D49-4380-BAA1-90ACBF58CFE5}.Ad-Hoc|iPhoneSimulator.Build.0 = Release|Any CPU
		{045909C5-9D49-4380-BAA1-90ACBF58CFE5}.Ad-Hoc|iPhoneSimulator.Deploy.0 = Release|Any CPU
		{045909C5-9D49-4380-BAA1-90ACBF58CFE5}.AppStore|Any CPU.ActiveCfg = Release|Any CPU
		{045909C5-9D49-4380-BAA1-90ACBF58CFE5}.AppStore|Any CPU.Build.0 = Release|Any CPU
		{045909C5-9D49-4380-BAA1-90ACBF58CFE5}.AppStore|Any CPU.Deploy.0 = Release|Any CPU
		{045909C5-9D49-4380-BAA1-90ACBF58CFE5}.AppStore|iPhone.ActiveCfg = Release|Any CPU
		{045909C5-9D49-4380-BAA1-90ACBF58CFE5}.AppStore|iPhone.Build.0 = Release|Any CPU
		{045909C5-9D49-4380-BAA1-90ACBF58CFE5}.AppStore|iPhone.Deploy.0 = Release|Any CPU
		{045909C5-9D49-4380-BAA1-90ACBF58CFE5}.AppStore|iPhoneSimulator.ActiveCfg = Release|Any CPU
		{045909C5-9D49-4380-BAA1-90ACBF58CFE5}.AppStore|iPhoneSimulator.Build.0 = Release|Any CPU
		{045909C5-9D49-4380-BAA1-90ACBF58CFE5}.AppStore|iPhoneSimulator.Deploy.0 = Release|Any CPU
		{045909C5-9D49-4380-BAA1-90ACBF58CFE5}.Debug|Any CPU.ActiveCfg = Debug|Any CPU
		{045909C5-9D49-4380-BAA1-90ACBF58CFE5}.Debug|Any CPU.Build.0 = Debug|Any CPU
		{045909C5-9D49-4380-BAA1-90ACBF58CFE5}.Debug|Any CPU.Deploy.0 = Debug|Any CPU
		{045909C5-9D49-4380-BAA1-90ACBF58CFE5}.Debug|iPhone.ActiveCfg = Debug|Any CPU
		{045909C5-9D49-4380-BAA1-90ACBF58CFE5}.Debug|iPhone.Build.0 = Debug|Any CPU
		{045909C5-9D49-4380-BAA1-90ACBF58CFE5}.Debug|iPhone.Deploy.0 = Debug|Any CPU
		{045909C5-9D49-4380-BAA1-90ACBF58CFE5}.Debug|iPhoneSimulator.ActiveCfg = Debug|Any CPU
		{045909C5-9D49-4380-BAA1-90ACBF58CFE5}.Debug|iPhoneSimulator.Build.0 = Debug|Any CPU
		{045909C5-9D49-4380-BAA1-90ACBF58CFE5}.Debug|iPhoneSimulator.Deploy.0 = Debug|Any CPU
		{045909C5-9D49-4380-BAA1-90ACBF58CFE5}.Release|Any CPU.ActiveCfg = Release|Any CPU
		{045909C5-9D49-4380-BAA1-90ACBF58CFE5}.Release|Any CPU.Build.0 = Release|Any CPU
		{045909C5-9D49-4380-BAA1-90ACBF58CFE5}.Release|Any CPU.Deploy.0 = Release|Any CPU
		{045909C5-9D49-4380-BAA1-90ACBF58CFE5}.Release|iPhone.ActiveCfg = Release|Any CPU
		{045909C5-9D49-4380-BAA1-90ACBF58CFE5}.Release|iPhone.Build.0 = Release|Any CPU
		{045909C5-9D49-4380-BAA1-90ACBF58CFE5}.Release|iPhone.Deploy.0 = Release|Any CPU
		{045909C5-9D49-4380-BAA1-90ACBF58CFE5}.Release|iPhoneSimulator.ActiveCfg = Release|Any CPU
		{045909C5-9D49-4380-BAA1-90ACBF58CFE5}.Release|iPhoneSimulator.Build.0 = Release|Any CPU
		{045909C5-9D49-4380-BAA1-90ACBF58CFE5}.Release|iPhoneSimulator.Deploy.0 = Release|Any CPU
		{314ECFB0-B0A4-4515-B3B8-E040A9473722}.Ad-Hoc|Any CPU.ActiveCfg = Ad-Hoc|iPhone
		{314ECFB0-B0A4-4515-B3B8-E040A9473722}.Ad-Hoc|iPhone.ActiveCfg = Ad-Hoc|iPhone
		{314ECFB0-B0A4-4515-B3B8-E040A9473722}.Ad-Hoc|iPhone.Build.0 = Ad-Hoc|iPhone
		{314ECFB0-B0A4-4515-B3B8-E040A9473722}.Ad-Hoc|iPhoneSimulator.ActiveCfg = Ad-Hoc|iPhoneSimulator
		{314ECFB0-B0A4-4515-B3B8-E040A9473722}.Ad-Hoc|iPhoneSimulator.Build.0 = Ad-Hoc|iPhoneSimulator
		{314ECFB0-B0A4-4515-B3B8-E040A9473722}.AppStore|Any CPU.ActiveCfg = AppStore|iPhone
		{314ECFB0-B0A4-4515-B3B8-E040A9473722}.AppStore|iPhone.ActiveCfg = AppStore|iPhone
		{314ECFB0-B0A4-4515-B3B8-E040A9473722}.AppStore|iPhone.Build.0 = AppStore|iPhone
		{314ECFB0-B0A4-4515-B3B8-E040A9473722}.AppStore|iPhoneSimulator.ActiveCfg = AppStore|iPhoneSimulator
		{314ECFB0-B0A4-4515-B3B8-E040A9473722}.AppStore|iPhoneSimulator.Build.0 = AppStore|iPhoneSimulator
		{314ECFB0-B0A4-4515-B3B8-E040A9473722}.Debug|Any CPU.ActiveCfg = Debug|iPhone
		{314ECFB0-B0A4-4515-B3B8-E040A9473722}.Debug|iPhone.ActiveCfg = Debug|iPhone
		{314ECFB0-B0A4-4515-B3B8-E040A9473722}.Debug|iPhone.Build.0 = Debug|iPhone
		{314ECFB0-B0A4-4515-B3B8-E040A9473722}.Debug|iPhoneSimulator.ActiveCfg = Debug|iPhoneSimulator
		{314ECFB0-B0A4-4515-B3B8-E040A9473722}.Debug|iPhoneSimulator.Build.0 = Debug|iPhoneSimulator
		{314ECFB0-B0A4-4515-B3B8-E040A9473722}.Release|Any CPU.ActiveCfg = Release|iPhone
		{314ECFB0-B0A4-4515-B3B8-E040A9473722}.Release|iPhone.ActiveCfg = Release|iPhone
		{314ECFB0-B0A4-4515-B3B8-E040A9473722}.Release|iPhone.Build.0 = Release|iPhone
		{314ECFB0-B0A4-4515-B3B8-E040A9473722}.Release|iPhoneSimulator.ActiveCfg = Release|iPhoneSimulator
		{314ECFB0-B0A4-4515-B3B8-E040A9473722}.Release|iPhoneSimulator.Build.0 = Release|iPhoneSimulator
	EndGlobalSection
	GlobalSection(SolutionProperties) = preSolution
		HideSolutionNode = FALSE
	EndGlobalSection
	GlobalSection(ExtensibilityGlobals) = postSolution
		SolutionGuid = {9727B85D-6ABE-4D5C-BCAA-56D6363181E2}
	EndGlobalSection
EndGlobal
